
Microsoft Visual Studio Solution File, Format Version 12.00
# Visual Studio Version 16
VisualStudioVersion = 16.0.30516.212
MinimumVisualStudioVersion = 10.0.40219.1
Project("{8BC9CEB8-8B4A-11D0-8D11-00A0C91BC942}") = "Heap", "Heap.vcxproj", "{30BB52BA-8623-42D6-8877-FC35084AB448}"
EndProject
Global
	GlobalSection(SolutionConfigurationPlatforms) = preSolution
		Debug|x64 = Debug|x64
		Debug|x86 = Debug|x86
		Release|x64 = Release|x64
		Release|x86 = Release|x86
	EndGlobalSection
	GlobalSection(ProjectConfigurationPlatforms) = postSolution
		{30BB52BA-8623-42D6-8877-FC35084AB448}.Debug|x64.ActiveCfg = Debug|x64
		{30BB52BA-8623-42D6-8877-FC35084AB448}.Debug|x64.Build.0 = Debug|x64
		{30BB52BA-8623-42D6-8877-FC35084AB448}.Debug|x86.ActiveCfg = Debug|Win32
		{30BB52BA-8623-42D6-8877-FC35084AB448}.Debug|x86.Build.0 = Debug|Win32
		{30BB52BA-8623-42D6-8877-FC35084AB448}.Release|x64.ActiveCfg = Release|x64
		{30BB52BA-8623-42D6-8877-FC35084AB448}.Release|x64.Build.0 = Release|x64
		{30BB52BA-8623-42D6-8877-FC35084AB448}.Release|x86.ActiveCfg = Release|Win32
		{30BB52BA-8623-42D6-8877-FC35084AB448}.Release|x86.Build.0 = Release|Win32
	EndGlobalSection
	GlobalSection(SolutionProperties) = preSolution
		HideSolutionNode = FALSE
	EndGlobalSection
	GlobalSection(ExtensibilityGlobals) = postSolution
		SolutionGuid = {D6259025-0B93-4A06-8F38-45C3790B2EB5}
	EndGlobalSection
EndGlobal
