
Microsoft Visual Studio Solution File, Format Version 12.00
# Visual Studio Version 16
VisualStudioVersion = 16.0.30516.212
MinimumVisualStudioVersion = 10.0.40219.1
Project("{8BC9CEB8-8B4A-11D0-8D11-00A0C91BC942}") = "Queue", "Queue.vcxproj", "{82481B49-9A4D-4A5E-B392-E6F36E469977}"
EndProject
Global
	GlobalSection(SolutionConfigurationPlatforms) = preSolution
		Debug|x64 = Debug|x64
		Debug|x86 = Debug|x86
		Release|x64 = Release|x64
		Release|x86 = Release|x86
	EndGlobalSection
	GlobalSection(ProjectConfigurationPlatforms) = postSolution
		{82481B49-9A4D-4A5E-B392-E6F36E469977}.Debug|x64.ActiveCfg = Debug|x64
		{82481B49-9A4D-4A5E-B392-E6F36E469977}.Debug|x64.Build.0 = Debug|x64
		{82481B49-9A4D-4A5E-B392-E6F36E469977}.Debug|x86.ActiveCfg = Debug|Win32
		{82481B49-9A4D-4A5E-B392-E6F36E469977}.Debug|x86.Build.0 = Debug|Win32
		{82481B49-9A4D-4A5E-B392-E6F36E469977}.Release|x64.ActiveCfg = Release|x64
		{82481B49-9A4D-4A5E-B392-E6F36E469977}.Release|x64.Build.0 = Release|x64
		{82481B49-9A4D-4A5E-B392-E6F36E469977}.Release|x86.ActiveCfg = Release|Win32
		{82481B49-9A4D-4A5E-B392-E6F36E469977}.Release|x86.Build.0 = Release|Win32
	EndGlobalSection
	GlobalSection(SolutionProperties) = preSolution
		HideSolutionNode = FALSE
	EndGlobalSection
	GlobalSection(ExtensibilityGlobals) = postSolution
		SolutionGuid = {97D3486E-2056-42E7-AEF0-D9F72C0FBE58}
	EndGlobalSection
EndGlobal
