
Microsoft Visual Studio Solution File, Format Version 12.00
# Visual Studio Version 16
VisualStudioVersion = 16.0.30516.212
MinimumVisualStudioVersion = 10.0.40219.1
Project("{8BC9CEB8-8B4A-11D0-8D11-00A0C91BC942}") = "Splay Tree", "Splay Tree.vcxproj", "{0FBE7529-2C75-4DDB-A286-530285BC0C24}"
EndProject
Global
	GlobalSection(SolutionConfigurationPlatforms) = preSolution
		Debug|x64 = Debug|x64
		Debug|x86 = Debug|x86
		Release|x64 = Release|x64
		Release|x86 = Release|x86
	EndGlobalSection
	GlobalSection(ProjectConfigurationPlatforms) = postSolution
		{0FBE7529-2C75-4DDB-A286-530285BC0C24}.Debug|x64.ActiveCfg = Debug|x64
		{0FBE7529-2C75-4DDB-A286-530285BC0C24}.Debug|x64.Build.0 = Debug|x64
		{0FBE7529-2C75-4DDB-A286-530285BC0C24}.Debug|x86.ActiveCfg = Debug|Win32
		{0FBE7529-2C75-4DDB-A286-530285BC0C24}.Debug|x86.Build.0 = Debug|Win32
		{0FBE7529-2C75-4DDB-A286-530285BC0C24}.Release|x64.ActiveCfg = Release|x64
		{0FBE7529-2C75-4DDB-A286-530285BC0C24}.Release|x64.Build.0 = Release|x64
		{0FBE7529-2C75-4DDB-A286-530285BC0C24}.Release|x86.ActiveCfg = Release|Win32
		{0FBE7529-2C75-4DDB-A286-530285BC0C24}.Release|x86.Build.0 = Release|Win32
	EndGlobalSection
	GlobalSection(SolutionProperties) = preSolution
		HideSolutionNode = FALSE
	EndGlobalSection
	GlobalSection(ExtensibilityGlobals) = postSolution
		SolutionGuid = {B569BEED-29A2-40DC-AAF3-4EE20FA172F5}
	EndGlobalSection
EndGlobal
