
Microsoft Visual Studio Solution File, Format Version 12.00
# Visual Studio Version 16
VisualStudioVersion = 16.0.30516.212
MinimumVisualStudioVersion = 10.0.40219.1
Project("{8BC9CEB8-8B4A-11D0-8D11-00A0C91BC942}") = "Bitmap", "Bitmap.vcxproj", "{8BA44E50-8FB1-4BA5-A41D-D3FF7E225CE0}"
EndProject
Global
	GlobalSection(SolutionConfigurationPlatforms) = preSolution
		Debug|x64 = Debug|x64
		Debug|x86 = Debug|x86
		Release|x64 = Release|x64
		Release|x86 = Release|x86
	EndGlobalSection
	GlobalSection(ProjectConfigurationPlatforms) = postSolution
		{8BA44E50-8FB1-4BA5-A41D-D3FF7E225CE0}.Debug|x64.ActiveCfg = Debug|x64
		{8BA44E50-8FB1-4BA5-A41D-D3FF7E225CE0}.Debug|x64.Build.0 = Debug|x64
		{8BA44E50-8FB1-4BA5-A41D-D3FF7E225CE0}.Debug|x86.ActiveCfg = Debug|Win32
		{8BA44E50-8FB1-4BA5-A41D-D3FF7E225CE0}.Debug|x86.Build.0 = Debug|Win32
		{8BA44E50-8FB1-4BA5-A41D-D3FF7E225CE0}.Release|x64.ActiveCfg = Release|x64
		{8BA44E50-8FB1-4BA5-A41D-D3FF7E225CE0}.Release|x64.Build.0 = Release|x64
		{8BA44E50-8FB1-4BA5-A41D-D3FF7E225CE0}.Release|x86.ActiveCfg = Release|Win32
		{8BA44E50-8FB1-4BA5-A41D-D3FF7E225CE0}.Release|x86.Build.0 = Release|Win32
	EndGlobalSection
	GlobalSection(SolutionProperties) = preSolution
		HideSolutionNode = FALSE
	EndGlobalSection
	GlobalSection(ExtensibilityGlobals) = postSolution
		SolutionGuid = {17031B00-93F7-44C2-8A38-67E5954F288A}
	EndGlobalSection
EndGlobal
